
Microsoft Visual Studio Solution File, Format Version 12.00
# Visual Studio 15
VisualStudioVersion = 15.0.27428.2005
MinimumVisualStudioVersion = 10.0.40219.1
Project("{8BC9CEB8-8B4A-11D0-8D11-00A0C91BC942}") = "PhaseTransitionConsole", "PhaseTransitionConsole\PhaseTransitionConsole.vcxproj", "{7EA295A1-093C-418E-AC9A-34F18637322E}"
EndProject
Project("{8BC9CEB8-8B4A-11D0-8D11-00A0C91BC942}") = "PhaseTransitionIO", "PhaseTransitionIO\PhaseTransitionIO.vcxproj", "{62FDA671-25AB-466F-9603-6D9059370CCE}"
EndProject
Project("{8BC9CEB8-8B4A-11D0-8D11-00A0C91BC942}") = "PhaseTransition", "PhaseTransition\PhaseTransition.vcxproj", "{30CB6202-3238-4399-A158-070F79C814A2}"
EndProject
Global
	GlobalSection(SolutionConfigurationPlatforms) = preSolution
		Debug|x64 = Debug|x64
		Debug|x86 = Debug|x86
		Release|x64 = Release|x64
		Release|x86 = Release|x86
	EndGlobalSection
	GlobalSection(ProjectConfigurationPlatforms) = postSolution
		{7EA295A1-093C-418E-AC9A-34F18637322E}.Debug|x64.ActiveCfg = Debug|x64
		{7EA295A1-093C-418E-AC9A-34F18637322E}.Debug|x64.Build.0 = Debug|x64
		{7EA295A1-093C-418E-AC9A-34F18637322E}.Debug|x86.ActiveCfg = Debug|Win32
		{7EA295A1-093C-418E-AC9A-34F18637322E}.Debug|x86.Build.0 = Debug|Win32
		{7EA295A1-093C-418E-AC9A-34F18637322E}.Release|x64.ActiveCfg = Release|x64
		{7EA295A1-093C-418E-AC9A-34F18637322E}.Release|x64.Build.0 = Release|x64
		{7EA295A1-093C-418E-AC9A-34F18637322E}.Release|x86.ActiveCfg = Release|Win32
		{7EA295A1-093C-418E-AC9A-34F18637322E}.Release|x86.Build.0 = Release|Win32
		{62FDA671-25AB-466F-9603-6D9059370CCE}.Debug|x64.ActiveCfg = Debug|x64
		{62FDA671-25AB-466F-9603-6D9059370CCE}.Debug|x64.Build.0 = Debug|x64
		{62FDA671-25AB-466F-9603-6D9059370CCE}.Debug|x86.ActiveCfg = Debug|Win32
		{62FDA671-25AB-466F-9603-6D9059370CCE}.Debug|x86.Build.0 = Debug|Win32
		{62FDA671-25AB-466F-9603-6D9059370CCE}.Release|x64.ActiveCfg = Release|x64
		{62FDA671-25AB-466F-9603-6D9059370CCE}.Release|x64.Build.0 = Release|x64
		{62FDA671-25AB-466F-9603-6D9059370CCE}.Release|x86.ActiveCfg = Release|Win32
		{62FDA671-25AB-466F-9603-6D9059370CCE}.Release|x86.Build.0 = Release|Win32
		{30CB6202-3238-4399-A158-070F79C814A2}.Debug|x64.ActiveCfg = Debug|x64
		{30CB6202-3238-4399-A158-070F79C814A2}.Debug|x64.Build.0 = Debug|x64
		{30CB6202-3238-4399-A158-070F79C814A2}.Debug|x86.ActiveCfg = Debug|Win32
		{30CB6202-3238-4399-A158-070F79C814A2}.Debug|x86.Build.0 = Debug|Win32
		{30CB6202-3238-4399-A158-070F79C814A2}.Release|x64.ActiveCfg = Release|x64
		{30CB6202-3238-4399-A158-070F79C814A2}.Release|x64.Build.0 = Release|x64
		{30CB6202-3238-4399-A158-070F79C814A2}.Release|x86.ActiveCfg = Release|Win32
		{30CB6202-3238-4399-A158-070F79C814A2}.Release|x86.Build.0 = Release|Win32
	EndGlobalSection
	GlobalSection(SolutionProperties) = preSolution
		HideSolutionNode = FALSE
	EndGlobalSection
	GlobalSection(ExtensibilityGlobals) = postSolution
		SolutionGuid = {B6D52FD0-9E48-44A9-A103-BDBB9D97D2F9}
	EndGlobalSection
EndGlobal
